
Microsoft Visual Studio Solution File, Format Version 12.00
# Visual Studio Version 16
VisualStudioVersion = 16.0.30523.141
MinimumVisualStudioVersion = 10.0.40219.1
Project("{9A19103F-16F7-4668-BE54-9A1E7A4F7556}") = "Car", "Car\Car.csproj", "{5DE5FC80-89A7-49AF-8ED2-8F19956F0ACB}"
EndProject
Project("{9A19103F-16F7-4668-BE54-9A1E7A4F7556}") = "DefiningClasses", "StartUp\DefiningClasses.csproj", "{91443350-9615-4995-9376-00A1B8601E07}"
EndProject
Project("{9A19103F-16F7-4668-BE54-9A1E7A4F7556}") = "Date_Modifier", "Date Modifier\Date_Modifier.csproj", "{DAAB7DBB-5C6E-403B-9F46-3C0329F7C6ED}"
EndProject
Project("{9A19103F-16F7-4668-BE54-9A1E7A4F7556}") = "SpeedRacing", "Speed Racing\SpeedRacing.csproj", "{4D727394-9F31-4BBF-8885-9AB896FB5675}"
EndProject
Project("{9A19103F-16F7-4668-BE54-9A1E7A4F7556}") = "RawData", "RawData\RawData.csproj", "{0F250F74-E8EE-43D4-B4DF-5D6AE6C24A3B}"
EndProject
Project("{FAE04EC0-301F-11D3-BF4B-00C04F79EFBC}") = "CarSalesman", "CarSalesman\CarSalesman.csproj", "{CBD287C2-4C15-4BDC-9281-508C9088D9C3}"
EndProject
Global
	GlobalSection(SolutionConfigurationPlatforms) = preSolution
		Debug|Any CPU = Debug|Any CPU
		Release|Any CPU = Release|Any CPU
	EndGlobalSection
	GlobalSection(ProjectConfigurationPlatforms) = postSolution
		{5DE5FC80-89A7-49AF-8ED2-8F19956F0ACB}.Debug|Any CPU.ActiveCfg = Debug|Any CPU
		{5DE5FC80-89A7-49AF-8ED2-8F19956F0ACB}.Debug|Any CPU.Build.0 = Debug|Any CPU
		{5DE5FC80-89A7-49AF-8ED2-8F19956F0ACB}.Release|Any CPU.ActiveCfg = Release|Any CPU
		{5DE5FC80-89A7-49AF-8ED2-8F19956F0ACB}.Release|Any CPU.Build.0 = Release|Any CPU
		{91443350-9615-4995-9376-00A1B8601E07}.Debug|Any CPU.ActiveCfg = Debug|Any CPU
		{91443350-9615-4995-9376-00A1B8601E07}.Debug|Any CPU.Build.0 = Debug|Any CPU
		{91443350-9615-4995-9376-00A1B8601E07}.Release|Any CPU.ActiveCfg = Release|Any CPU
		{91443350-9615-4995-9376-00A1B8601E07}.Release|Any CPU.Build.0 = Release|Any CPU
		{DAAB7DBB-5C6E-403B-9F46-3C0329F7C6ED}.Debug|Any CPU.ActiveCfg = Debug|Any CPU
		{DAAB7DBB-5C6E-403B-9F46-3C0329F7C6ED}.Debug|Any CPU.Build.0 = Debug|Any CPU
		{DAAB7DBB-5C6E-403B-9F46-3C0329F7C6ED}.Release|Any CPU.ActiveCfg = Release|Any CPU
		{DAAB7DBB-5C6E-403B-9F46-3C0329F7C6ED}.Release|Any CPU.Build.0 = Release|Any CPU
		{4D727394-9F31-4BBF-8885-9AB896FB5675}.Debug|Any CPU.ActiveCfg = Debug|Any CPU
		{4D727394-9F31-4BBF-8885-9AB896FB5675}.Debug|Any CPU.Build.0 = Debug|Any CPU
		{4D727394-9F31-4BBF-8885-9AB896FB5675}.Release|Any CPU.ActiveCfg = Release|Any CPU
		{4D727394-9F31-4BBF-8885-9AB896FB5675}.Release|Any CPU.Build.0 = Release|Any CPU
		{0F250F74-E8EE-43D4-B4DF-5D6AE6C24A3B}.Debug|Any CPU.ActiveCfg = Debug|Any CPU
		{0F250F74-E8EE-43D4-B4DF-5D6AE6C24A3B}.Debug|Any CPU.Build.0 = Debug|Any CPU
		{0F250F74-E8EE-43D4-B4DF-5D6AE6C24A3B}.Release|Any CPU.ActiveCfg = Release|Any CPU
		{0F250F74-E8EE-43D4-B4DF-5D6AE6C24A3B}.Release|Any CPU.Build.0 = Release|Any CPU
		{CBD287C2-4C15-4BDC-9281-508C9088D9C3}.Debug|Any CPU.ActiveCfg = Debug|Any CPU
		{CBD287C2-4C15-4BDC-9281-508C9088D9C3}.Debug|Any CPU.Build.0 = Debug|Any CPU
		{CBD287C2-4C15-4BDC-9281-508C9088D9C3}.Release|Any CPU.ActiveCfg = Release|Any CPU
		{CBD287C2-4C15-4BDC-9281-508C9088D9C3}.Release|Any CPU.Build.0 = Release|Any CPU
	EndGlobalSection
	GlobalSection(SolutionProperties) = preSolution
		HideSolutionNode = FALSE
	EndGlobalSection
	GlobalSection(ExtensibilityGlobals) = postSolution
		SolutionGuid = {50441183-E5E9-4684-A7D1-D287BA6EF82C}
	EndGlobalSection
EndGlobal
